// !$*UTF8*$!
{
	archiveVersion = 1;
	classes = {
	};
	objectVersion = 46;
	objects = {

/* Begin PBXBuildFile section */
		552056591EC736900079AA9E /* main.cpp in Sources */ = {isa = PBXBuildFile; fileRef = 552056581EC736900079AA9E /* main.cpp */; };
		5520565E1EC736900079AA9E /* Assets.xcassets in Resources */ = {isa = PBXBuildFile; fileRef = 5520565D1EC736900079AA9E /* Assets.xcassets */; };
		552056611EC736900079AA9E /* Main.storyboard in Resources */ = {isa = PBXBuildFile; fileRef = 5520565F1EC736900079AA9E /* Main.storyboard */; };
		5520566A1EC736C00079AA9E /* application.mm in Sources */ = {isa = PBXBuildFile; fileRef = 552056691EC736C00079AA9E /* application.mm */; };
		5520566D1EC73AA80079AA9E /* Cocoa.framework in Frameworks */ = {isa = PBXBuildFile; fileRef = 5520566C1EC73AA80079AA9E /* Cocoa.framework */; };
		552056701EC73EEB0079AA9E /* action.mm in Sources */ = {isa = PBXBuildFile; fileRef = 5520566F1EC73EEB0079AA9E /* action.mm */; };
		552056731EC73FF70079AA9E /* event.cpp in Sources */ = {isa = PBXBuildFile; fileRef = 552056711EC73FF70079AA9E /* event.cpp */; };
		552056761EC7441E0079AA9E /* menu.mm in Sources */ = {isa = PBXBuildFile; fileRef = 552056741EC7441E0079AA9E /* menu.mm */; };
		553553DC1EC78FED00F7E524 /* Readme.md in Sources */ = {isa = PBXBuildFile; fileRef = 553553DB1EC78FED00F7E524 /* Readme.md */; };
/* End PBXBuildFile section */

/* Begin PBXFileReference section */
		552056511EC736900079AA9E /* codeport.app */ = {isa = PBXFileReference; explicitFileType = wrapper.application; includeInIndex = 0; path = codeport.app; sourceTree = BUILT_PRODUCTS_DIR; };
		552056581EC736900079AA9E /* main.cpp */ = {isa = PBXFileReference; lastKnownFileType = sourcecode.cpp.cpp; path = main.cpp; sourceTree = "<group>"; };
		5520565D1EC736900079AA9E /* Assets.xcassets */ = {isa = PBXFileReference; lastKnownFileType = folder.assetcatalog; path = Assets.xcassets; sourceTree = "<group>"; };
		552056601EC736900079AA9E /* Base */ = {isa = PBXFileReference; lastKnownFileType = file.storyboard; name = Base; path = Base.lproj/Main.storyboard; sourceTree = "<group>"; };
		552056621EC736900079AA9E /* Info.plist */ = {isa = PBXFileReference; lastKnownFileType = text.plist.xml; path = Info.plist; sourceTree = "<group>"; };
		552056681EC736C00079AA9E /* application.hpp */ = {isa = PBXFileReference; fileEncoding = 4; lastKnownFileType = sourcecode.cpp.h; path = application.hpp; sourceTree = "<group>"; };
		552056691EC736C00079AA9E /* application.mm */ = {isa = PBXFileReference; fileEncoding = 4; lastKnownFileType = sourcecode.cpp.objcpp; path = application.mm; sourceTree = "<group>"; };
		5520566C1EC73AA80079AA9E /* Cocoa.framework */ = {isa = PBXFileReference; lastKnownFileType = wrapper.framework; name = Cocoa.framework; path = System/Library/Frameworks/Cocoa.framework; sourceTree = SDKROOT; };
		5520566E1EC73EEB0079AA9E /* action.hpp */ = {isa = PBXFileReference; fileEncoding = 4; lastKnownFileType = sourcecode.cpp.h; path = action.hpp; sourceTree = "<group>"; };
		5520566F1EC73EEB0079AA9E /* action.mm */ = {isa = PBXFileReference; fileEncoding = 4; lastKnownFileType = sourcecode.cpp.objcpp; path = action.mm; sourceTree = "<group>"; };
		552056711EC73FF70079AA9E /* event.cpp */ = {isa = PBXFileReference; fileEncoding = 4; lastKnownFileType = sourcecode.cpp.cpp; path = event.cpp; sourceTree = "<group>"; };
		552056721EC73FF70079AA9E /* event.hpp */ = {isa = PBXFileReference; fileEncoding = 4; lastKnownFileType = sourcecode.cpp.h; path = event.hpp; sourceTree = "<group>"; };
		552056741EC7441E0079AA9E /* menu.mm */ = {isa = PBXFileReference; fileEncoding = 4; lastKnownFileType = sourcecode.cpp.objcpp; path = menu.mm; sourceTree = "<group>"; };
		552056751EC7441E0079AA9E /* menu.hpp */ = {isa = PBXFileReference; fileEncoding = 4; lastKnownFileType = sourcecode.cpp.h; path = menu.hpp; sourceTree = "<group>"; };
		553553DB1EC78FED00F7E524 /* Readme.md */ = {isa = PBXFileReference; fileEncoding = 4; lastKnownFileType = net.daringfireball.markdown; path = Readme.md; sourceTree = "<group>"; };
/* End PBXFileReference section */

/* Begin PBXFrameworksBuildPhase section */
		5520564E1EC736900079AA9E /* Frameworks */ = {
			isa = PBXFrameworksBuildPhase;
			buildActionMask = 2147483647;
			files = (
				5520566D1EC73AA80079AA9E /* Cocoa.framework in Frameworks */,
			);
			runOnlyForDeploymentPostprocessing = 0;
		};
/* End PBXFrameworksBuildPhase section */

/* Begin PBXGroup section */
		552056481EC7368F0079AA9E = {
			isa = PBXGroup;
			children = (
				553553DB1EC78FED00F7E524 /* Readme.md */,
				552056531EC736900079AA9E /* codeport */,
				552056521EC736900079AA9E /* Products */,
				5520566B1EC73AA70079AA9E /* Frameworks */,
			);
			sourceTree = "<group>";
		};
		552056521EC736900079AA9E /* Products */ = {
			isa = PBXGroup;
			children = (
				552056511EC736900079AA9E /* codeport.app */,
			);
			name = Products;
			sourceTree = "<group>";
		};
		552056531EC736900079AA9E /* codeport */ = {
			isa = PBXGroup;
			children = (
				552056581EC736900079AA9E /* main.cpp */,
				552056681EC736C00079AA9E /* application.hpp */,
				552056691EC736C00079AA9E /* application.mm */,
				552056721EC73FF70079AA9E /* event.hpp */,
				552056711EC73FF70079AA9E /* event.cpp */,
				5520566E1EC73EEB0079AA9E /* action.hpp */,
				5520566F1EC73EEB0079AA9E /* action.mm */,
				552056751EC7441E0079AA9E /* menu.hpp */,
				552056741EC7441E0079AA9E /* menu.mm */,
				5520565D1EC736900079AA9E /* Assets.xcassets */,
				5520565F1EC736900079AA9E /* Main.storyboard */,
				552056621EC736900079AA9E /* Info.plist */,
			);
			path = codeport;
			sourceTree = "<group>";
		};
		5520566B1EC73AA70079AA9E /* Frameworks */ = {
			isa = PBXGroup;
			children = (
				5520566C1EC73AA80079AA9E /* Cocoa.framework */,
			);
			name = Frameworks;
			sourceTree = "<group>";
		};
/* End PBXGroup section */

/* Begin PBXNativeTarget section */
		552056501EC736900079AA9E /* codeport */ = {
			isa = PBXNativeTarget;
			buildConfigurationList = 552056651EC736900079AA9E /* Build configuration list for PBXNativeTarget "codeport" */;
			buildPhases = (
				5520564D1EC736900079AA9E /* Sources */,
				5520564E1EC736900079AA9E /* Frameworks */,
				5520564F1EC736900079AA9E /* Resources */,
			);
			buildRules = (
			);
			dependencies = (
			);
			name = codeport;
			productName = codeport;
			productReference = 552056511EC736900079AA9E /* codeport.app */;
			productType = "com.apple.product-type.application";
		};
/* End PBXNativeTarget section */

/* Begin PBXProject section */
		552056491EC7368F0079AA9E /* Project object */ = {
			isa = PBXProject;
			attributes = {
				LastUpgradeCheck = 0830;
				ORGANIZATIONNAME = "Uli Kusterer";
				TargetAttributes = {
					552056501EC736900079AA9E = {
						CreatedOnToolsVersion = 8.3.2;
						DevelopmentTeam = RCKXACKVZS;
						ProvisioningStyle = Automatic;
					};
				};
			};
			buildConfigurationList = 5520564C1EC7368F0079AA9E /* Build configuration list for PBXProject "codeport" */;
			compatibilityVersion = "Xcode 3.2";
			developmentRegion = English;
			hasScannedForEncodings = 0;
			knownRegions = (
				en,
				Base,
			);
			mainGroup = 552056481EC7368F0079AA9E;
			productRefGroup = 552056521EC736900079AA9E /* Products */;
			projectDirPath = "";
			projectRoot = "";
			targets = (
				552056501EC736900079AA9E /* codeport */,
			);
		};
/* End PBXProject section */

/* Begin PBXResourcesBuildPhase section */
		5520564F1EC736900079AA9E /* Resources */ = {
			isa = PBXResourcesBuildPhase;
			buildActionMask = 2147483647;
			files = (
				5520565E1EC736900079AA9E /* Assets.xcassets in Resources */,
				552056611EC736900079AA9E /* Main.storyboard in Resources */,
			);
			runOnlyForDeploymentPostprocessing = 0;
		};
/* End PBXResourcesBuildPhase section */

/* Begin PBXSourcesBuildPhase section */
		5520564D1EC736900079AA9E /* Sources */ = {
			isa = PBXSourcesBuildPhase;
			buildActionMask = 2147483647;
			files = (
				552056731EC73FF70079AA9E /* event.cpp in Sources */,
				552056701EC73EEB0079AA9E /* action.mm in Sources */,
				553553DC1EC78FED00F7E524 /* Readme.md in Sources */,
				5520566A1EC736C00079AA9E /* application.mm in Sources */,
				552056761EC7441E0079AA9E /* menu.mm in Sources */,
				552056591EC736900079AA9E /* main.cpp in Sources */,
			);
			runOnlyForDeploymentPostprocessing = 0;
		};
/* End PBXSourcesBuildPhase section */

/* Begin PBXVariantGroup section */
		5520565F1EC736900079AA9E /* Main.storyboard */ = {
			isa = PBXVariantGroup;
			children = (
				552056601EC736900079AA9E /* Base */,
			);
			name = Main.storyboard;
			sourceTree = "<group>";
		};
/* End PBXVariantGroup section */

/* Begin XCBuildConfiguration section */
		552056631EC736900079AA9E /* Debug */ = {
			isa = XCBuildConfiguration;
			buildSettings = {
				ALWAYS_SEARCH_USER_PATHS = NO;
				CLANG_ANALYZER_NONNULL = YES;
				CLANG_ANALYZER_NUMBER_OBJECT_CONVERSION = YES_AGGRESSIVE;
				CLANG_CXX_LANGUAGE_STANDARD = "c++14";
				CLANG_CXX_LIBRARY = "libc++";
				CLANG_ENABLE_MODULES = YES;
				CLANG_ENABLE_OBJC_ARC = YES;
				CLANG_WARN_BOOL_CONVERSION = YES;
				CLANG_WARN_CONSTANT_CONVERSION = YES;
				CLANG_WARN_DIRECT_OBJC_ISA_USAGE = YES_ERROR;
				CLANG_WARN_DOCUMENTATION_COMMENTS = YES;
				CLANG_WARN_EMPTY_BODY = YES;
				CLANG_WARN_ENUM_CONVERSION = YES;
				CLANG_WARN_INFINITE_RECURSION = YES;
				CLANG_WARN_INT_CONVERSION = YES;
				CLANG_WARN_OBJC_ROOT_CLASS = YES_ERROR;
				CLANG_WARN_SUSPICIOUS_MOVE = YES;
				CLANG_WARN_UNREACHABLE_CODE = YES;
				CLANG_WARN__DUPLICATE_METHOD_MATCH = YES;
				CODE_SIGN_IDENTITY = "-";
				COPY_PHASE_STRIP = NO;
				DEBUG_INFORMATION_FORMAT = dwarf;
				ENABLE_STRICT_OBJC_MSGSEND = YES;
				ENABLE_TESTABILITY = YES;
				GCC_C_LANGUAGE_STANDARD = gnu99;
				GCC_DYNAMIC_NO_PIC = NO;
				GCC_NO_COMMON_BLOCKS = YES;
				GCC_OPTIMIZATION_LEVEL = 0;
				GCC_PREPROCESSOR_DEFINITIONS = (
					"DEBUG=1",
					"$(inherited)",
				);
				GCC_WARN_64_TO_32_BIT_CONVERSION = YES;
				GCC_WARN_ABOUT_RETURN_TYPE = YES_ERROR;
				GCC_WARN_UNDECLARED_SELECTOR = YES;
				GCC_WARN_UNINITIALIZED_AUTOS = YES_AGGRESSIVE;
				GCC_WARN_UNUSED_FUNCTION = YES;
				GCC_WARN_UNUSED_VARIABLE = YES;
				MACOSX_DEPLOYMENT_TARGET = 10.12;
				MTL_ENABLE_DEBUG_INFO = YES;
				ONLY_ACTIVE_ARCH = YES;
				SDKROOT = macosx;
			};
			name = Debug;
		};
		552056641EC736900079AA9E /* Release */ = {
			isa = XCBuildConfiguration;
			buildSettings = {
				ALWAYS_SEARCH_USER_PATHS = NO;
				CLANG_ANALYZER_NONNULL = YES;
				CLANG_ANALYZER_NUMBER_OBJECT_CONVERSION = YES_AGGRESSIVE;
				CLANG_CXX_LANGUAGE_STANDARD = "c++14";
				CLANG_CXX_LIBRARY = "libc++";
				CLANG_ENABLE_MODULES = YES;
				CLANG_ENABLE_OBJC_ARC = YES;
				CLANG_WARN_BOOL_CONVERSION = YES;
				CLANG_WARN_CONSTANT_CONVERSION = YES;
				CLANG_WARN_DIRECT_OBJC_ISA_USAGE = YES_ERROR;
				CLANG_WARN_DOCUMENTATION_COMMENTS = YES;
				CLANG_WARN_EMPTY_BODY = YES;
				CLANG_WARN_ENUM_CONVERSION = YES;
				CLANG_WARN_INFINITE_RECURSION = YES;
				CLANG_WARN_INT_CONVERSION = YES;
				CLANG_WARN_OBJC_ROOT_CLASS = YES_ERROR;
				CLANG_WARN_SUSPICIOUS_MOVE = YES;
				CLANG_WARN_UNREACHABLE_CODE = YES;
				CLANG_WARN__DUPLICATE_METHOD_MATCH = YES;
				CODE_SIGN_IDENTITY = "-";
				COPY_PHASE_STRIP = NO;
				DEBUG_INFORMATION_FORMAT = "dwarf-with-dsym";
				ENABLE_NS_ASSERTIONS = NO;
				ENABLE_STRICT_OBJC_MSGSEND = YES;
				GCC_C_LANGUAGE_STANDARD = gnu99;
				GCC_NO_COMMON_BLOCKS = YES;
				GCC_WARN_64_TO_32_BIT_CONVERSION = YES;
				GCC_WARN_ABOUT_RETURN_TYPE = YES_ERROR;
				GCC_WARN_UNDECLARED_SELECTOR = YES;
				GCC_WARN_UNINITIALIZED_AUTOS = YES_AGGRESSIVE;
				GCC_WARN_UNUSED_FUNCTION = YES;
				GCC_WARN_UNUSED_VARIABLE = YES;
				MACOSX_DEPLOYMENT_TARGET = 10.12;
				MTL_ENABLE_DEBUG_INFO = NO;
				SDKROOT = macosx;
			};
			name = Release;
		};
		552056661EC736900079AA9E /* Debug */ = {
			isa = XCBuildConfiguration;
			buildSettings = {
				ASSETCATALOG_COMPILER_APPICON_NAME = AppIcon;
				COMBINE_HIDPI_IMAGES = YES;
				DEVELOPMENT_TEAM = RCKXACKVZS;
				INFOPLIST_FILE = codeport/Info.plist;
				LD_RUNPATH_SEARCH_PATHS = "$(inherited) @executable_path/../Frameworks";
				PRODUCT_BUNDLE_IDENTIFIER = com.thevoidsoftware.codeport;
				PRODUCT_NAME = "$(TARGET_NAME)";
			};
			name = Debug;
		};
		552056671EC736900079AA9E /* Release */ = {
			isa = XCBuildConfiguration;
			buildSettings = {
				ASSETCATALOG_COMPILER_APPICON_NAME = AppIcon;
				COMBINE_HIDPI_IMAGES = YES;
				DEVELOPMENT_TEAM = RCKXACKVZS;
				INFOPLIST_FILE = codeport/Info.plist;
				LD_RUNPATH_SEARCH_PATHS = "$(inherited) @executable_path/../Frameworks";
				PRODUCT_BUNDLE_IDENTIFIER = com.thevoidsoftware.codeport;
				PRODUCT_NAME = "$(TARGET_NAME)";
			};
			name = Release;
		};
/* End XCBuildConfiguration section */

/* Begin XCConfigurationList section */
		5520564C1EC7368F0079AA9E /* Build configuration list for PBXProject "codeport" */ = {
			isa = XCConfigurationList;
			buildConfigurations = (
				552056631EC736900079AA9E /* Debug */,
				552056641EC736900079AA9E /* Release */,
			);
			defaultConfigurationIsVisible = 0;
			defaultConfigurationName = Release;
		};
		552056651EC736900079AA9E /* Build configuration list for PBXNativeTarget "codeport" */ = {
			isa = XCConfigurationList;
			buildConfigurations = (
				552056661EC736900079AA9E /* Debug */,
				552056671EC736900079AA9E /* Release */,
			);
			defaultConfigurationIsVisible = 0;
			defaultConfigurationName = Release;
		};
/* End XCConfigurationList section */
	};
	rootObject = 552056491EC7368F0079AA9E /* Project object */;
}
